
Microsoft Visual Studio Solution File, Format Version 12.00
# Visual Studio Version 16
VisualStudioVersion = 16.0.31729.503
MinimumVisualStudioVersion = 10.0.40219.1
Project("{FAE04EC0-301F-11D3-BF4B-00C04F79EFBC}") = "StringDemo", "StringDemo\StringDemo.csproj", "{856B7995-E073-4C11-8B92-7C95D2BF019C}"
EndProject
Global
	GlobalSection(SolutionConfigurationPlatforms) = preSolution
		Debug|Any CPU = Debug|Any CPU
		Release|Any CPU = Release|Any CPU
	EndGlobalSection
	GlobalSection(ProjectConfigurationPlatforms) = postSolution
		{856B7995-E073-4C11-8B92-7C95D2BF019C}.Debug|Any CPU.ActiveCfg = Debug|Any CPU
		{856B7995-E073-4C11-8B92-7C95D2BF019C}.Debug|Any CPU.Build.0 = Debug|Any CPU
		{856B7995-E073-4C11-8B92-7C95D2BF019C}.Release|Any CPU.ActiveCfg = Release|Any CPU
		{856B7995-E073-4C11-8B92-7C95D2BF019C}.Release|Any CPU.Build.0 = Release|Any CPU
	EndGlobalSection
	GlobalSection(SolutionProperties) = preSolution
		HideSolutionNode = FALSE
	EndGlobalSection
	GlobalSection(ExtensibilityGlobals) = postSolution
		SolutionGuid = {0266EB62-46ED-4EB9-8CD9-3EFAEDCAE822}
	EndGlobalSection
EndGlobal
